{
  "version": 4,
  "terraform_version": "1.2.4",
  "serial": 114,
  "lineage": "d2c52e9c-0fda-0cbf-16b0-dd3b546f226b",
  "outputs": {},
  "resources": [
    {
      "mode": "data",
      "type": "digitalocean_ssh_key",
      "name": "angelo",
      "provider": "provider[\"registry.terraform.io/digitalocean/digitalocean\"]",
      "instances": [
        {
          "schema_version": 0,
          "attributes": {
            "fingerprint": "db:a9:02:98:ca:4a:96:4a:28:27:4b:01:c8:4a:7f:ea",
            "id": 715142,
            "name": "angelo",
            "public_key": "ssh-rsa AAAAB3NzaC1yc2EAAAADAQABAAABAQDLtkbNjdSBiPLyh8NqSXnzPkHEIRaKLf/6fM6nFgL+UTuVi20lw9j+tT7VgtK4JYpN4iOA5FN5xKBooVlmYRvo8uI/p8pEfazNv7LlY7iIHmL0PC4w5fKlhIax8sHx/4nguKRt6L8X+drMjOy//JSafY3yI/XxNtHDPA2yWtuSUsrutFpQyQWilNtUp+OwHnatYspiNyIs0/WfZ4b1ouvL927/tCEj4dj5JP6xuY4w0VAaLEOXJooqqpJwosbedk7yFUC9xmLzL2pWDyyitlgFcKkLn7sOeGlaCQvIgyy0bKxKAWsfyAHKSMBpvwcuq5fUUs2EEIudpa0eSq9M0FhR angelo@rcstart.it"
          },
          "sensitive_attributes": []
        }
      ]
    },
    {
      "mode": "managed",
      "type": "digitalocean_droplet",
      "name": "bitsong-indexer-1",
      "provider": "provider[\"registry.terraform.io/digitalocean/digitalocean\"]",
      "instances": [
        {
          "status": "tainted",
          "schema_version": 1,
          "attributes": {
            "backups": false,
            "created_at": "2022-07-08T17:47:35Z",
            "disk": 60,
            "droplet_agent": null,
            "graceful_shutdown": true,
            "id": "307681484",
            "image": "ubuntu-22-04-x64",
            "ipv4_address": "178.128.203.46",
            "ipv4_address_private": "10.135.0.2",
            "ipv6": false,
            "ipv6_address": "",
            "locked": false,
            "memory": 2048,
            "monitoring": true,
            "name": "bitsong-indexer-1",
            "price_hourly": 0.02679,
            "price_monthly": 18,
            "private_networking": true,
            "region": "fra1",
            "resize_disk": true,
            "size": "s-2vcpu-2gb",
            "ssh_keys": [
              "715142"
            ],
            "status": "active",
            "tags": null,
            "urn": "do:droplet:307681484",
            "user_data": null,
            "vcpus": 2,
            "volume_ids": [],
            "vpc_uuid": "f6f78680-dc84-11e8-8b13-3cfdfea9f160"
          },
          "sensitive_attributes": [],
          "private": "eyJzY2hlbWFfdmVyc2lvbiI6IjEifQ==",
          "dependencies": [
            "data.digitalocean_ssh_key.angelo"
          ]
        }
      ]
    }
  ]
}
