github.com/avast/retry-go v3.0.0+incompatible h1:4SOWQ7Qs+oroOTQOYnAHqelpCO0biHSxpiH9JdtuBj0=
github.com/avast/retry-go v3.0.0+incompatible/go.mod h1:XtSnn+n/sHqQIpZ10K1qAevBhOOCWBLXXy3hyiqqBrY=
github.com/bitsongofficial/go-bitsong v0.10.1-0.20220508161238-70f5f0e033b3 h1:0tP2y6cK3kdtMMYBFPWE7deRpscty+R0TKQ1MtpogrM=
github.com/bitsongofficial/go-bitsong v0.10.1-0.20220508161238-70f5f0e033b3/go.mod h1:Pph8rZNPWt9w1qoFa1iluL15NnEJddp4/L5zPAN1ofI=
github.com/cosmos/cosmos-sdk v0.45.4 h1:eStDAhJdMY8n5arbBRe+OwpNeBSunxSBHp1g55ulfdA=
github.com/cosmos/cosmos-sdk v0.45.4/go.mod h1:WOqtDxN3eCCmnYLVla10xG7lEXkFjpTaqm2a2WasgCc=
golang.org/x/sync v0.0.0-20220513210516-0976fa681c29 h1:w8s32wxx3sY+OjLlv9qltkLU5yvJzxjjgiHWLjdIcw4=
golang.org/x/sync v0.0.0-20220513210516-0976fa681c29/go.mod h1:RxMgew5VJxzue5/jJTE5uejpjVlOe/izrB70Jof72aM=
